
Microsoft Visual Studio Solution File, Format Version 12.00
# Visual Studio 2013
VisualStudioVersion = 12.0.21005.1
MinimumVisualStudioVersion = 10.0.40219.1
Project("{FAE04EC0-301F-11D3-BF4B-00C04F79EFBC}") = "Fixtures", "Fixtures\Fixtures.csproj", "{18CE5A7F-4E4E-4E5D-883F-9F14D57D2949}"
	ProjectSection(ProjectDependencies) = postProject
		{2D839574-46A6-4CF3-8925-6002EDB2A4E7} = {2D839574-46A6-4CF3-8925-6002EDB2A4E7}
		{2956D6E1-BDC8-44C1-ACDD-61C39F12FA56} = {2956D6E1-BDC8-44C1-ACDD-61C39F12FA56}
	EndProjectSection
EndProject
Project("{FAE04EC0-301F-11D3-BF4B-00C04F79EFBC}") = "BAL", "BAL\BAL.csproj", "{2D839574-46A6-4CF3-8925-6002EDB2A4E7}"
	ProjectSection(ProjectDependencies) = postProject
		{7D160011-39A8-480D-84B8-CDFCB5F0B6B2} = {7D160011-39A8-480D-84B8-CDFCB5F0B6B2}
		{2956D6E1-BDC8-44C1-ACDD-61C39F12FA56} = {2956D6E1-BDC8-44C1-ACDD-61C39F12FA56}
	EndProjectSection
EndProject
Project("{FAE04EC0-301F-11D3-BF4B-00C04F79EFBC}") = "DAL", "DAL\DAL.csproj", "{7D160011-39A8-480D-84B8-CDFCB5F0B6B2}"
	ProjectSection(ProjectDependencies) = postProject
		{2956D6E1-BDC8-44C1-ACDD-61C39F12FA56} = {2956D6E1-BDC8-44C1-ACDD-61C39F12FA56}
	EndProjectSection
EndProject
Project("{FAE04EC0-301F-11D3-BF4B-00C04F79EFBC}") = "COMMON", "COMMON\COMMON.csproj", "{2956D6E1-BDC8-44C1-ACDD-61C39F12FA56}"
EndProject
Global
	GlobalSection(SolutionConfigurationPlatforms) = preSolution
		Debug|Any CPU = Debug|Any CPU
		Release|Any CPU = Release|Any CPU
	EndGlobalSection
	GlobalSection(ProjectConfigurationPlatforms) = postSolution
		{18CE5A7F-4E4E-4E5D-883F-9F14D57D2949}.Debug|Any CPU.ActiveCfg = Debug|Any CPU
		{18CE5A7F-4E4E-4E5D-883F-9F14D57D2949}.Debug|Any CPU.Build.0 = Debug|Any CPU
		{18CE5A7F-4E4E-4E5D-883F-9F14D57D2949}.Release|Any CPU.ActiveCfg = Release|Any CPU
		{18CE5A7F-4E4E-4E5D-883F-9F14D57D2949}.Release|Any CPU.Build.0 = Release|Any CPU
		{2D839574-46A6-4CF3-8925-6002EDB2A4E7}.Debug|Any CPU.ActiveCfg = Debug|Any CPU
		{2D839574-46A6-4CF3-8925-6002EDB2A4E7}.Debug|Any CPU.Build.0 = Debug|Any CPU
		{2D839574-46A6-4CF3-8925-6002EDB2A4E7}.Release|Any CPU.ActiveCfg = Release|Any CPU
		{2D839574-46A6-4CF3-8925-6002EDB2A4E7}.Release|Any CPU.Build.0 = Release|Any CPU
		{7D160011-39A8-480D-84B8-CDFCB5F0B6B2}.Debug|Any CPU.ActiveCfg = Debug|Any CPU
		{7D160011-39A8-480D-84B8-CDFCB5F0B6B2}.Debug|Any CPU.Build.0 = Debug|Any CPU
		{7D160011-39A8-480D-84B8-CDFCB5F0B6B2}.Release|Any CPU.ActiveCfg = Release|Any CPU
		{7D160011-39A8-480D-84B8-CDFCB5F0B6B2}.Release|Any CPU.Build.0 = Release|Any CPU
		{2956D6E1-BDC8-44C1-ACDD-61C39F12FA56}.Debug|Any CPU.ActiveCfg = Debug|Any CPU
		{2956D6E1-BDC8-44C1-ACDD-61C39F12FA56}.Debug|Any CPU.Build.0 = Debug|Any CPU
		{2956D6E1-BDC8-44C1-ACDD-61C39F12FA56}.Release|Any CPU.ActiveCfg = Release|Any CPU
		{2956D6E1-BDC8-44C1-ACDD-61C39F12FA56}.Release|Any CPU.Build.0 = Release|Any CPU
	EndGlobalSection
	GlobalSection(SolutionProperties) = preSolution
		HideSolutionNode = FALSE
	EndGlobalSection
EndGlobal
